
Microsoft Visual Studio Solution File, Format Version 12.00
# Visual Studio Version 17
VisualStudioVersion = 17.14.37111.16 d17.14
MinimumVisualStudioVersion = 10.0.40219.1
Project("{FAE04EC0-301F-11D3-BF4B-00C04F79EFBC}") = "WebAppiRest", "WebAppiRest\WebAppiRest.csproj", "{D33C5F72-E472-4E44-962E-6269F15625E3}"
EndProject
Global
	GlobalSection(SolutionConfigurationPlatforms) = preSolution
		Debug|Any CPU = Debug|Any CPU
		Release|Any CPU = Release|Any CPU
	EndGlobalSection
	GlobalSection(ProjectConfigurationPlatforms) = postSolution
		{D33C5F72-E472-4E44-962E-6269F15625E3}.Debug|Any CPU.ActiveCfg = Debug|Any CPU
		{D33C5F72-E472-4E44-962E-6269F15625E3}.Debug|Any CPU.Build.0 = Debug|Any CPU
		{D33C5F72-E472-4E44-962E-6269F15625E3}.Release|Any CPU.ActiveCfg = Release|Any CPU
		{D33C5F72-E472-4E44-962E-6269F15625E3}.Release|Any CPU.Build.0 = Release|Any CPU
	EndGlobalSection
	GlobalSection(SolutionProperties) = preSolution
		HideSolutionNode = FALSE
	EndGlobalSection
	GlobalSection(ExtensibilityGlobals) = postSolution
		SolutionGuid = {CF64B988-6363-4BAC-BC5D-457BD3E908B6}
	EndGlobalSection
EndGlobal
