
Microsoft Visual Studio Solution File, Format Version 12.00
# Visual Studio Version 17
VisualStudioVersion = 17.14.37111.16 d17.14
MinimumVisualStudioVersion = 10.0.40219.1
Project("{FAE04EC0-301F-11D3-BF4B-00C04F79EFBC}") = "WebAppRestaurante2", "WebAppRestaurante2\WebAppRestaurante2.csproj", "{01015854-A442-4640-9620-BE9C196E5063}"
EndProject
Global
	GlobalSection(SolutionConfigurationPlatforms) = preSolution
		Debug|Any CPU = Debug|Any CPU
		Release|Any CPU = Release|Any CPU
	EndGlobalSection
	GlobalSection(ProjectConfigurationPlatforms) = postSolution
		{01015854-A442-4640-9620-BE9C196E5063}.Debug|Any CPU.ActiveCfg = Debug|Any CPU
		{01015854-A442-4640-9620-BE9C196E5063}.Debug|Any CPU.Build.0 = Debug|Any CPU
		{01015854-A442-4640-9620-BE9C196E5063}.Release|Any CPU.ActiveCfg = Release|Any CPU
		{01015854-A442-4640-9620-BE9C196E5063}.Release|Any CPU.Build.0 = Release|Any CPU
	EndGlobalSection
	GlobalSection(SolutionProperties) = preSolution
		HideSolutionNode = FALSE
	EndGlobalSection
	GlobalSection(ExtensibilityGlobals) = postSolution
		SolutionGuid = {6C79C022-629E-4BBE-BA0B-05FFC4FE100C}
	EndGlobalSection
EndGlobal
