
Microsoft Visual Studio Solution File, Format Version 12.00
# Visual Studio Version 17
VisualStudioVersion = 17.14.37111.16 d17.14
MinimumVisualStudioVersion = 10.0.40219.1
Project("{FAE04EC0-301F-11D3-BF4B-00C04F79EFBC}") = "ToodListApi", "ToodListApi\ToodListApi.csproj", "{349DAADF-3070-4BED-BE96-FC47F8FFBEBC}"
EndProject
Global
	GlobalSection(SolutionConfigurationPlatforms) = preSolution
		Debug|Any CPU = Debug|Any CPU
		Release|Any CPU = Release|Any CPU
	EndGlobalSection
	GlobalSection(ProjectConfigurationPlatforms) = postSolution
		{349DAADF-3070-4BED-BE96-FC47F8FFBEBC}.Debug|Any CPU.ActiveCfg = Debug|Any CPU
		{349DAADF-3070-4BED-BE96-FC47F8FFBEBC}.Debug|Any CPU.Build.0 = Debug|Any CPU
		{349DAADF-3070-4BED-BE96-FC47F8FFBEBC}.Release|Any CPU.ActiveCfg = Release|Any CPU
		{349DAADF-3070-4BED-BE96-FC47F8FFBEBC}.Release|Any CPU.Build.0 = Release|Any CPU
	EndGlobalSection
	GlobalSection(SolutionProperties) = preSolution
		HideSolutionNode = FALSE
	EndGlobalSection
	GlobalSection(ExtensibilityGlobals) = postSolution
		SolutionGuid = {11CB92CC-EDB9-46B7-AC73-7BEFAE576EFE}
	EndGlobalSection
EndGlobal
